
Microsoft Visual Studio Solution File, Format Version 12.00
Project("{2150E333-8FDC-42A3-9474-1A3956D46DE8}") = "src", "src", "{A16E6A49-9AC6-4DB3-A311-C590FBC4D5BE}"
EndProject
Project("{FAE04EC0-301F-11D3-BF4B-00C04F79EFBC}") = "DevQuestions.Domain", "src\DevQuestions.Domain\DevQuestions.Domain.csproj", "{138BB0E3-5CBF-4484-A346-BF6C753A85D7}"
EndProject
Global
	GlobalSection(SolutionConfigurationPlatforms) = preSolution
		Debug|Any CPU = Debug|Any CPU
		Release|Any CPU = Release|Any CPU
	EndGlobalSection
	GlobalSection(ProjectConfigurationPlatforms) = postSolution
		{138BB0E3-5CBF-4484-A346-BF6C753A85D7}.Debug|Any CPU.ActiveCfg = Debug|Any CPU
		{138BB0E3-5CBF-4484-A346-BF6C753A85D7}.Debug|Any CPU.Build.0 = Debug|Any CPU
		{138BB0E3-5CBF-4484-A346-BF6C753A85D7}.Release|Any CPU.ActiveCfg = Release|Any CPU
		{138BB0E3-5CBF-4484-A346-BF6C753A85D7}.Release|Any CPU.Build.0 = Release|Any CPU
	EndGlobalSection
	GlobalSection(NestedProjects) = preSolution
		{138BB0E3-5CBF-4484-A346-BF6C753A85D7} = {A16E6A49-9AC6-4DB3-A311-C590FBC4D5BE}
	EndGlobalSection
EndGlobal
